
Microsoft Visual Studio Solution File, Format Version 12.00
# Visual Studio Version 17
VisualStudioVersion = 17.7.34031.279
MinimumVisualStudioVersion = 10.0.40219.1
Project("{9A19103F-16F7-4668-BE54-9A1E7A4F7556}") = "ABP_RestAPI", "ABP_RestAPI.csproj", "{3DF1FB53-E2AA-49C3-925B-1078012C1D94}"
EndProject
Project("{FAE04EC0-301F-11D3-BF4B-00C04F79EFBC}") = "ABP_RestAPI_xUnitTest", "..\ABP_RestAPI_xUnitTest\ABP_RestAPI_xUnitTest.csproj", "{8C17685B-562A-4DDC-BF3B-2AEC0226368D}"
EndProject
Global
	GlobalSection(SolutionConfigurationPlatforms) = preSolution
		Debug|Any CPU = Debug|Any CPU
		Release|Any CPU = Release|Any CPU
	EndGlobalSection
	GlobalSection(ProjectConfigurationPlatforms) = postSolution
		{3DF1FB53-E2AA-49C3-925B-1078012C1D94}.Debug|Any CPU.ActiveCfg = Debug|Any CPU
		{3DF1FB53-E2AA-49C3-925B-1078012C1D94}.Debug|Any CPU.Build.0 = Debug|Any CPU
		{3DF1FB53-E2AA-49C3-925B-1078012C1D94}.Release|Any CPU.ActiveCfg = Release|Any CPU
		{3DF1FB53-E2AA-49C3-925B-1078012C1D94}.Release|Any CPU.Build.0 = Release|Any CPU
		{8C17685B-562A-4DDC-BF3B-2AEC0226368D}.Debug|Any CPU.ActiveCfg = Debug|Any CPU
		{8C17685B-562A-4DDC-BF3B-2AEC0226368D}.Debug|Any CPU.Build.0 = Debug|Any CPU
		{8C17685B-562A-4DDC-BF3B-2AEC0226368D}.Release|Any CPU.ActiveCfg = Release|Any CPU
		{8C17685B-562A-4DDC-BF3B-2AEC0226368D}.Release|Any CPU.Build.0 = Release|Any CPU
	EndGlobalSection
	GlobalSection(SolutionProperties) = preSolution
		HideSolutionNode = FALSE
	EndGlobalSection
	GlobalSection(ExtensibilityGlobals) = postSolution
		SolutionGuid = {41E53225-022D-4FB3-A68C-E74DB44ECDB5}
	EndGlobalSection
EndGlobal
